// !$*UTF8*$!
{
	archiveVersion = 1;
	classes = {
	};
	objectVersion = 51;
	objects = {

/* Begin PBXBuildFile section */
		690C69D12415EE0C0093601A /* PortalVC.swift in Sources */ = {isa = PBXBuildFile; fileRef = 690C69D02415EE0C0093601A /* PortalVC.swift */; };
		690C69D62415FEBF0093601A /* UIViewController+Redirect.swift in Sources */ = {isa = PBXBuildFile; fileRef = 690C69D52415FEBF0093601A /* UIViewController+Redirect.swift */; };
		69AA3CC924127BB000ED275E /* AppDelegate.swift in Sources */ = {isa = PBXBuildFile; fileRef = 69AA3CC824127BB000ED275E /* AppDelegate.swift */; };
		69AA3CCB24127BB000ED275E /* SceneDelegate.swift in Sources */ = {isa = PBXBuildFile; fileRef = 69AA3CCA24127BB000ED275E /* SceneDelegate.swift */; };
		69AA3CCD24127BB000ED275E /* LoginVC.swift in Sources */ = {isa = PBXBuildFile; fileRef = 69AA3CCC24127BB000ED275E /* LoginVC.swift */; };
		69AA3CD224127BB900ED275E /* Assets.xcassets in Resources */ = {isa = PBXBuildFile; fileRef = 69AA3CD124127BB900ED275E /* Assets.xcassets */; };
		69AA3CD524127BB900ED275E /* LaunchScreen.storyboard in Resources */ = {isa = PBXBuildFile; fileRef = 69AA3CD324127BB900ED275E /* LaunchScreen.storyboard */; };
		69F3A11B24136D9D00108E10 /* HomeVC.swift in Sources */ = {isa = PBXBuildFile; fileRef = 69F3A11A24136D9D00108E10 /* HomeVC.swift */; };
		69F3A11D2413FF6A00108E10 /* GoogleService-Info.plist in Resources */ = {isa = PBXBuildFile; fileRef = 69F3A11C2413FF6A00108E10 /* GoogleService-Info.plist */; };
		69F3A11F24150AC100108E10 /* LoginVC.xib in Resources */ = {isa = PBXBuildFile; fileRef = 69F3A11E24150AC000108E10 /* LoginVC.xib */; };
		B24780A131D4EEFBEC823860 /* Pods_LoginThirdParty.framework in Frameworks */ = {isa = PBXBuildFile; fileRef = 6A153C541F9C49B05511C05B /* Pods_LoginThirdParty.framework */; };
/* End PBXBuildFile section */

/* Begin PBXFileReference section */
		690C69D02415EE0C0093601A /* PortalVC.swift */ = {isa = PBXFileReference; lastKnownFileType = sourcecode.swift; path = PortalVC.swift; sourceTree = "<group>"; };
		690C69D52415FEBF0093601A /* UIViewController+Redirect.swift */ = {isa = PBXFileReference; lastKnownFileType = sourcecode.swift; path = "UIViewController+Redirect.swift"; sourceTree = "<group>"; };
		69AA3CC524127BB000ED275E /* LoginThirdParty.app */ = {isa = PBXFileReference; explicitFileType = wrapper.application; includeInIndex = 0; path = LoginThirdParty.app; sourceTree = BUILT_PRODUCTS_DIR; };
		69AA3CC824127BB000ED275E /* AppDelegate.swift */ = {isa = PBXFileReference; lastKnownFileType = sourcecode.swift; path = AppDelegate.swift; sourceTree = "<group>"; };
		69AA3CCA24127BB000ED275E /* SceneDelegate.swift */ = {isa = PBXFileReference; lastKnownFileType = sourcecode.swift; path = SceneDelegate.swift; sourceTree = "<group>"; };
		69AA3CCC24127BB000ED275E /* LoginVC.swift */ = {isa = PBXFileReference; lastKnownFileType = sourcecode.swift; path = LoginVC.swift; sourceTree = "<group>"; };
		69AA3CD124127BB900ED275E /* Assets.xcassets */ = {isa = PBXFileReference; lastKnownFileType = folder.assetcatalog; path = Assets.xcassets; sourceTree = "<group>"; };
		69AA3CD424127BB900ED275E /* Base */ = {isa = PBXFileReference; lastKnownFileType = file.storyboard; name = Base; path = Base.lproj/LaunchScreen.storyboard; sourceTree = "<group>"; };
		69AA3CD624127BB900ED275E /* Info.plist */ = {isa = PBXFileReference; lastKnownFileType = text.plist.xml; path = Info.plist; sourceTree = "<group>"; };
		69F3A11A24136D9D00108E10 /* HomeVC.swift */ = {isa = PBXFileReference; lastKnownFileType = sourcecode.swift; path = HomeVC.swift; sourceTree = "<group>"; };
		69F3A11C2413FF6A00108E10 /* GoogleService-Info.plist */ = {isa = PBXFileReference; fileEncoding = 4; lastKnownFileType = text.plist.xml; path = "GoogleService-Info.plist"; sourceTree = "<group>"; };
		69F3A11E24150AC000108E10 /* LoginVC.xib */ = {isa = PBXFileReference; lastKnownFileType = file.xib; path = LoginVC.xib; sourceTree = "<group>"; };
		6A153C541F9C49B05511C05B /* Pods_LoginThirdParty.framework */ = {isa = PBXFileReference; explicitFileType = wrapper.framework; includeInIndex = 0; path = Pods_LoginThirdParty.framework; sourceTree = BUILT_PRODUCTS_DIR; };
		B76465F3EAD547FF9B5908D8 /* Pods-LoginThirdParty.release.xcconfig */ = {isa = PBXFileReference; includeInIndex = 1; lastKnownFileType = text.xcconfig; name = "Pods-LoginThirdParty.release.xcconfig"; path = "Target Support Files/Pods-LoginThirdParty/Pods-LoginThirdParty.release.xcconfig"; sourceTree = "<group>"; };
		D70528116071036C44F2ACA1 /* Pods-LoginThirdParty.debug.xcconfig */ = {isa = PBXFileReference; includeInIndex = 1; lastKnownFileType = text.xcconfig; name = "Pods-LoginThirdParty.debug.xcconfig"; path = "Target Support Files/Pods-LoginThirdParty/Pods-LoginThirdParty.debug.xcconfig"; sourceTree = "<group>"; };
/* End PBXFileReference section */

/* Begin PBXFrameworksBuildPhase section */
		69AA3CC224127BB000ED275E /* Frameworks */ = {
			isa = PBXFrameworksBuildPhase;
			buildActionMask = 2147483647;
			files = (
				B24780A131D4EEFBEC823860 /* Pods_LoginThirdParty.framework in Frameworks */,
			);
			runOnlyForDeploymentPostprocessing = 0;
		};
/* End PBXFrameworksBuildPhase section */

/* Begin PBXGroup section */
		112CB00A7B251264F4EA146C /* Pods */ = {
			isa = PBXGroup;
			children = (
				D70528116071036C44F2ACA1 /* Pods-LoginThirdParty.debug.xcconfig */,
				B76465F3EAD547FF9B5908D8 /* Pods-LoginThirdParty.release.xcconfig */,
			);
			path = Pods;
			sourceTree = "<group>";
		};
		690C69D22415FE850093601A /* Extensions */ = {
			isa = PBXGroup;
			children = (
				690C69D52415FEBF0093601A /* UIViewController+Redirect.swift */,
			);
			path = Extensions;
			sourceTree = "<group>";
		};
		69AA3CBC24127BB000ED275E = {
			isa = PBXGroup;
			children = (
				69AA3CC724127BB000ED275E /* LoginThirdParty */,
				69AA3CC624127BB000ED275E /* Products */,
				112CB00A7B251264F4EA146C /* Pods */,
				B4FCFF13EC554441B8777059 /* Frameworks */,
			);
			sourceTree = "<group>";
		};
		69AA3CC624127BB000ED275E /* Products */ = {
			isa = PBXGroup;
			children = (
				69AA3CC524127BB000ED275E /* LoginThirdParty.app */,
			);
			name = Products;
			sourceTree = "<group>";
		};
		69AA3CC724127BB000ED275E /* LoginThirdParty */ = {
			isa = PBXGroup;
			children = (
				690C69D22415FE850093601A /* Extensions */,
				69F3A11924136D8C00108E10 /* ViewControllers */,
				69AA3CC824127BB000ED275E /* AppDelegate.swift */,
				69AA3CCA24127BB000ED275E /* SceneDelegate.swift */,
				69AA3CD124127BB900ED275E /* Assets.xcassets */,
				69AA3CD324127BB900ED275E /* LaunchScreen.storyboard */,
				69AA3CD624127BB900ED275E /* Info.plist */,
				69F3A11C2413FF6A00108E10 /* GoogleService-Info.plist */,
			);
			path = LoginThirdParty;
			sourceTree = "<group>";
		};
		69F3A11924136D8C00108E10 /* ViewControllers */ = {
			isa = PBXGroup;
			children = (
				69AA3CCC24127BB000ED275E /* LoginVC.swift */,
				69F3A11A24136D9D00108E10 /* HomeVC.swift */,
				69F3A11E24150AC000108E10 /* LoginVC.xib */,
				690C69D02415EE0C0093601A /* PortalVC.swift */,
			);
			path = ViewControllers;
			sourceTree = "<group>";
		};
		B4FCFF13EC554441B8777059 /* Frameworks */ = {
			isa = PBXGroup;
			children = (
				6A153C541F9C49B05511C05B /* Pods_LoginThirdParty.framework */,
			);
			name = Frameworks;
			sourceTree = "<group>";
		};
/* End PBXGroup section */

/* Begin PBXNativeTarget section */
		69AA3CC424127BB000ED275E /* LoginThirdParty */ = {
			isa = PBXNativeTarget;
			buildConfigurationList = 69AA3CD924127BB900ED275E /* Build configuration list for PBXNativeTarget "LoginThirdParty" */;
			buildPhases = (
				A953435E93D4BFB07B9419B4 /* [CP] Check Pods Manifest.lock */,
				69AA3CC124127BB000ED275E /* Sources */,
				69AA3CC224127BB000ED275E /* Frameworks */,
				69AA3CC324127BB000ED275E /* Resources */,
				D9814CE735A066D2EC04B1F0 /* [CP] Embed Pods Frameworks */,
				1A675B3EAAB0335704B282EB /* [CP] Copy Pods Resources */,
			);
			buildRules = (
			);
			dependencies = (
			);
			name = LoginThirdParty;
			productName = LoginThirdParty;
			productReference = 69AA3CC524127BB000ED275E /* LoginThirdParty.app */;
			productType = "com.apple.product-type.application";
		};
/* End PBXNativeTarget section */

/* Begin PBXProject section */
		69AA3CBD24127BB000ED275E /* Project object */ = {
			isa = PBXProject;
			attributes = {
				LastSwiftUpdateCheck = 1130;
				LastUpgradeCheck = 1130;
				ORGANIZATIONNAME = Rohmts;
				TargetAttributes = {
					69AA3CC424127BB000ED275E = {
						CreatedOnToolsVersion = 11.3.1;
					};
				};
			};
			buildConfigurationList = 69AA3CC024127BB000ED275E /* Build configuration list for PBXProject "LoginThirdParty" */;
			compatibilityVersion = "Xcode 9.3";
			developmentRegion = en;
			hasScannedForEncodings = 0;
			knownRegions = (
				en,
				Base,
			);
			mainGroup = 69AA3CBC24127BB000ED275E;
			productRefGroup = 69AA3CC624127BB000ED275E /* Products */;
			projectDirPath = "";
			projectRoot = "";
			targets = (
				69AA3CC424127BB000ED275E /* LoginThirdParty */,
			);
		};
/* End PBXProject section */

/* Begin PBXResourcesBuildPhase section */
		69AA3CC324127BB000ED275E /* Resources */ = {
			isa = PBXResourcesBuildPhase;
			buildActionMask = 2147483647;
			files = (
				69AA3CD524127BB900ED275E /* LaunchScreen.storyboard in Resources */,
				69F3A11D2413FF6A00108E10 /* GoogleService-Info.plist in Resources */,
				69F3A11F24150AC100108E10 /* LoginVC.xib in Resources */,
				69AA3CD224127BB900ED275E /* Assets.xcassets in Resources */,
			);
			runOnlyForDeploymentPostprocessing = 0;
		};
/* End PBXResourcesBuildPhase section */

/* Begin PBXShellScriptBuildPhase section */
		1A675B3EAAB0335704B282EB /* [CP] Copy Pods Resources */ = {
			isa = PBXShellScriptBuildPhase;
			buildActionMask = 2147483647;
			files = (
			);
			inputFileListPaths = (
				"${PODS_ROOT}/Target Support Files/Pods-LoginThirdParty/Pods-LoginThirdParty-resources-${CONFIGURATION}-input-files.xcfilelist",
			);
			name = "[CP] Copy Pods Resources";
			outputFileListPaths = (
				"${PODS_ROOT}/Target Support Files/Pods-LoginThirdParty/Pods-LoginThirdParty-resources-${CONFIGURATION}-output-files.xcfilelist",
			);
			runOnlyForDeploymentPostprocessing = 0;
			shellPath = /bin/sh;
			shellScript = "\"${PODS_ROOT}/Target Support Files/Pods-LoginThirdParty/Pods-LoginThirdParty-resources.sh\"\n";
			showEnvVarsInLog = 0;
		};
		A953435E93D4BFB07B9419B4 /* [CP] Check Pods Manifest.lock */ = {
			isa = PBXShellScriptBuildPhase;
			buildActionMask = 2147483647;
			files = (
			);
			inputFileListPaths = (
			);
			inputPaths = (
				"${PODS_PODFILE_DIR_PATH}/Podfile.lock",
				"${PODS_ROOT}/Manifest.lock",
			);
			name = "[CP] Check Pods Manifest.lock";
			outputFileListPaths = (
			);
			outputPaths = (
				"$(DERIVED_FILE_DIR)/Pods-LoginThirdParty-checkManifestLockResult.txt",
			);
			runOnlyForDeploymentPostprocessing = 0;
			shellPath = /bin/sh;
			shellScript = "diff \"${PODS_PODFILE_DIR_PATH}/Podfile.lock\" \"${PODS_ROOT}/Manifest.lock\" > /dev/null\nif [ $? != 0 ] ; then\n    # print error to STDERR\n    echo \"error: The sandbox is not in sync with the Podfile.lock. Run 'pod install' or update your CocoaPods installation.\" >&2\n    exit 1\nfi\n# This output is used by Xcode 'outputs' to avoid re-running this script phase.\necho \"SUCCESS\" > \"${SCRIPT_OUTPUT_FILE_0}\"\n";
			showEnvVarsInLog = 0;
		};
		D9814CE735A066D2EC04B1F0 /* [CP] Embed Pods Frameworks */ = {
			isa = PBXShellScriptBuildPhase;
			buildActionMask = 2147483647;
			files = (
			);
			inputFileListPaths = (
				"${PODS_ROOT}/Target Support Files/Pods-LoginThirdParty/Pods-LoginThirdParty-frameworks-${CONFIGURATION}-input-files.xcfilelist",
			);
			name = "[CP] Embed Pods Frameworks";
			outputFileListPaths = (
				"${PODS_ROOT}/Target Support Files/Pods-LoginThirdParty/Pods-LoginThirdParty-frameworks-${CONFIGURATION}-output-files.xcfilelist",
			);
			runOnlyForDeploymentPostprocessing = 0;
			shellPath = /bin/sh;
			shellScript = "\"${PODS_ROOT}/Target Support Files/Pods-LoginThirdParty/Pods-LoginThirdParty-frameworks.sh\"\n";
			showEnvVarsInLog = 0;
		};
/* End PBXShellScriptBuildPhase section */

/* Begin PBXSourcesBuildPhase section */
		69AA3CC124127BB000ED275E /* Sources */ = {
			isa = PBXSourcesBuildPhase;
			buildActionMask = 2147483647;
			files = (
				690C69D62415FEBF0093601A /* UIViewController+Redirect.swift in Sources */,
				69AA3CCD24127BB000ED275E /* LoginVC.swift in Sources */,
				690C69D12415EE0C0093601A /* PortalVC.swift in Sources */,
				69F3A11B24136D9D00108E10 /* HomeVC.swift in Sources */,
				69AA3CC924127BB000ED275E /* AppDelegate.swift in Sources */,
				69AA3CCB24127BB000ED275E /* SceneDelegate.swift in Sources */,
			);
			runOnlyForDeploymentPostprocessing = 0;
		};
/* End PBXSourcesBuildPhase section */

/* Begin PBXVariantGroup section */
		69AA3CD324127BB900ED275E /* LaunchScreen.storyboard */ = {
			isa = PBXVariantGroup;
			children = (
				69AA3CD424127BB900ED275E /* Base */,
			);
			name = LaunchScreen.storyboard;
			sourceTree = "<group>";
		};
/* End PBXVariantGroup section */

/* Begin XCBuildConfiguration section */
		69AA3CD724127BB900ED275E /* Debug */ = {
			isa = XCBuildConfiguration;
			buildSettings = {
				ALWAYS_SEARCH_USER_PATHS = NO;
				CLANG_ANALYZER_NONNULL = YES;
				CLANG_ANALYZER_NUMBER_OBJECT_CONVERSION = YES_AGGRESSIVE;
				CLANG_CXX_LANGUAGE_STANDARD = "gnu++14";
				CLANG_CXX_LIBRARY = "libc++";
				CLANG_ENABLE_MODULES = YES;
				CLANG_ENABLE_OBJC_ARC = YES;
				CLANG_ENABLE_OBJC_WEAK = YES;
				CLANG_WARN_BLOCK_CAPTURE_AUTORELEASING = YES;
				CLANG_WARN_BOOL_CONVERSION = YES;
				CLANG_WARN_COMMA = YES;
				CLANG_WARN_CONSTANT_CONVERSION = YES;
				CLANG_WARN_DEPRECATED_OBJC_IMPLEMENTATIONS = YES;
				CLANG_WARN_DIRECT_OBJC_ISA_USAGE = YES_ERROR;
				CLANG_WARN_DOCUMENTATION_COMMENTS = YES;
				CLANG_WARN_EMPTY_BODY = YES;
				CLANG_WARN_ENUM_CONVERSION = YES;
				CLANG_WARN_INFINITE_RECURSION = YES;
				CLANG_WARN_INT_CONVERSION = YES;
				CLANG_WARN_NON_LITERAL_NULL_CONVERSION = YES;
				CLANG_WARN_OBJC_IMPLICIT_RETAIN_SELF = YES;
				CLANG_WARN_OBJC_LITERAL_CONVERSION = YES;
				CLANG_WARN_OBJC_ROOT_CLASS = YES_ERROR;
				CLANG_WARN_RANGE_LOOP_ANALYSIS = YES;
				CLANG_WARN_STRICT_PROTOTYPES = YES;
				CLANG_WARN_SUSPICIOUS_MOVE = YES;
				CLANG_WARN_UNGUARDED_AVAILABILITY = YES_AGGRESSIVE;
				CLANG_WARN_UNREACHABLE_CODE = YES;
				CLANG_WARN__DUPLICATE_METHOD_MATCH = YES;
				COPY_PHASE_STRIP = NO;
				DEBUG_INFORMATION_FORMAT = dwarf;
				ENABLE_STRICT_OBJC_MSGSEND = YES;
				ENABLE_TESTABILITY = YES;
				GCC_C_LANGUAGE_STANDARD = gnu11;
				GCC_DYNAMIC_NO_PIC = NO;
				GCC_NO_COMMON_BLOCKS = YES;
				GCC_OPTIMIZATION_LEVEL = 0;
				GCC_PREPROCESSOR_DEFINITIONS = (
					"DEBUG=1",
					"$(inherited)",
				);
				GCC_WARN_64_TO_32_BIT_CONVERSION = YES;
				GCC_WARN_ABOUT_RETURN_TYPE = YES_ERROR;
				GCC_WARN_UNDECLARED_SELECTOR = YES;
				GCC_WARN_UNINITIALIZED_AUTOS = YES_AGGRESSIVE;
				GCC_WARN_UNUSED_FUNCTION = YES;
				GCC_WARN_UNUSED_VARIABLE = YES;
				IPHONEOS_DEPLOYMENT_TARGET = 13.2;
				MTL_ENABLE_DEBUG_INFO = INCLUDE_SOURCE;
				MTL_FAST_MATH = YES;
				ONLY_ACTIVE_ARCH = YES;
				SDKROOT = iphoneos;
				SWIFT_ACTIVE_COMPILATION_CONDITIONS = DEBUG;
				SWIFT_OPTIMIZATION_LEVEL = "-Onone";
			};
			name = Debug;
		};
		69AA3CD824127BB900ED275E /* Release */ = {
			isa = XCBuildConfiguration;
			buildSettings = {
				ALWAYS_SEARCH_USER_PATHS = NO;
				CLANG_ANALYZER_NONNULL = YES;
				CLANG_ANALYZER_NUMBER_OBJECT_CONVERSION = YES_AGGRESSIVE;
				CLANG_CXX_LANGUAGE_STANDARD = "gnu++14";
				CLANG_CXX_LIBRARY = "libc++";
				CLANG_ENABLE_MODULES = YES;
				CLANG_ENABLE_OBJC_ARC = YES;
				CLANG_ENABLE_OBJC_WEAK = YES;
				CLANG_WARN_BLOCK_CAPTURE_AUTORELEASING = YES;
				CLANG_WARN_BOOL_CONVERSION = YES;
				CLANG_WARN_COMMA = YES;
				CLANG_WARN_CONSTANT_CONVERSION = YES;
				CLANG_WARN_DEPRECATED_OBJC_IMPLEMENTATIONS = YES;
				CLANG_WARN_DIRECT_OBJC_ISA_USAGE = YES_ERROR;
				CLANG_WARN_DOCUMENTATION_COMMENTS = YES;
				CLANG_WARN_EMPTY_BODY = YES;
				CLANG_WARN_ENUM_CONVERSION = YES;
				CLANG_WARN_INFINITE_RECURSION = YES;
				CLANG_WARN_INT_CONVERSION = YES;
				CLANG_WARN_NON_LITERAL_NULL_CONVERSION = YES;
				CLANG_WARN_OBJC_IMPLICIT_RETAIN_SELF = YES;
				CLANG_WARN_OBJC_LITERAL_CONVERSION = YES;
				CLANG_WARN_OBJC_ROOT_CLASS = YES_ERROR;
				CLANG_WARN_RANGE_LOOP_ANALYSIS = YES;
				CLANG_WARN_STRICT_PROTOTYPES = YES;
				CLANG_WARN_SUSPICIOUS_MOVE = YES;
				CLANG_WARN_UNGUARDED_AVAILABILITY = YES_AGGRESSIVE;
				CLANG_WARN_UNREACHABLE_CODE = YES;
				CLANG_WARN__DUPLICATE_METHOD_MATCH = YES;
				COPY_PHASE_STRIP = NO;
				DEBUG_INFORMATION_FORMAT = "dwarf-with-dsym";
				ENABLE_NS_ASSERTIONS = NO;
				ENABLE_STRICT_OBJC_MSGSEND = YES;
				GCC_C_LANGUAGE_STANDARD = gnu11;
				GCC_NO_COMMON_BLOCKS = YES;
				GCC_WARN_64_TO_32_BIT_CONVERSION = YES;
				GCC_WARN_ABOUT_RETURN_TYPE = YES_ERROR;
				GCC_WARN_UNDECLARED_SELECTOR = YES;
				GCC_WARN_UNINITIALIZED_AUTOS = YES_AGGRESSIVE;
				GCC_WARN_UNUSED_FUNCTION = YES;
				GCC_WARN_UNUSED_VARIABLE = YES;
				IPHONEOS_DEPLOYMENT_TARGET = 13.2;
				MTL_ENABLE_DEBUG_INFO = NO;
				MTL_FAST_MATH = YES;
				SDKROOT = iphoneos;
				SWIFT_COMPILATION_MODE = wholemodule;
				SWIFT_OPTIMIZATION_LEVEL = "-O";
				VALIDATE_PRODUCT = YES;
			};
			name = Release;
		};
		69AA3CDA24127BB900ED275E /* Debug */ = {
			isa = XCBuildConfiguration;
			baseConfigurationReference = D70528116071036C44F2ACA1 /* Pods-LoginThirdParty.debug.xcconfig */;
			buildSettings = {
				ASSETCATALOG_COMPILER_APPICON_NAME = AppIcon;
				CODE_SIGN_STYLE = Automatic;
				DEVELOPMENT_TEAM = VYK2652W29;
				INFOPLIST_FILE = LoginThirdParty/Info.plist;
				LD_RUNPATH_SEARCH_PATHS = (
					"$(inherited)",
					"@executable_path/Frameworks",
				);
				PRODUCT_BUNDLE_IDENTIFIER = com.pesanmerpati.LoginThirdParty;
				PRODUCT_NAME = "$(TARGET_NAME)";
				SWIFT_VERSION = 5.0;
				TARGETED_DEVICE_FAMILY = "1,2";
			};
			name = Debug;
		};
		69AA3CDB24127BB900ED275E /* Release */ = {
			isa = XCBuildConfiguration;
			baseConfigurationReference = B76465F3EAD547FF9B5908D8 /* Pods-LoginThirdParty.release.xcconfig */;
			buildSettings = {
				ASSETCATALOG_COMPILER_APPICON_NAME = AppIcon;
				CODE_SIGN_STYLE = Automatic;
				DEVELOPMENT_TEAM = VYK2652W29;
				INFOPLIST_FILE = LoginThirdParty/Info.plist;
				LD_RUNPATH_SEARCH_PATHS = (
					"$(inherited)",
					"@executable_path/Frameworks",
				);
				PRODUCT_BUNDLE_IDENTIFIER = com.pesanmerpati.LoginThirdParty;
				PRODUCT_NAME = "$(TARGET_NAME)";
				SWIFT_VERSION = 5.0;
				TARGETED_DEVICE_FAMILY = "1,2";
			};
			name = Release;
		};
/* End XCBuildConfiguration section */

/* Begin XCConfigurationList section */
		69AA3CC024127BB000ED275E /* Build configuration list for PBXProject "LoginThirdParty" */ = {
			isa = XCConfigurationList;
			buildConfigurations = (
				69AA3CD724127BB900ED275E /* Debug */,
				69AA3CD824127BB900ED275E /* Release */,
			);
			defaultConfigurationIsVisible = 0;
			defaultConfigurationName = Release;
		};
		69AA3CD924127BB900ED275E /* Build configuration list for PBXNativeTarget "LoginThirdParty" */ = {
			isa = XCConfigurationList;
			buildConfigurations = (
				69AA3CDA24127BB900ED275E /* Debug */,
				69AA3CDB24127BB900ED275E /* Release */,
			);
			defaultConfigurationIsVisible = 0;
			defaultConfigurationName = Release;
		};
/* End XCConfigurationList section */
	};
	rootObject = 69AA3CBD24127BB000ED275E /* Project object */;
}
